
Microsoft Visual Studio Solution File, Format Version 12.00
# Visual Studio Version 17
VisualStudioVersion = 17.11.35327.3
MinimumVisualStudioVersion = 10.0.40219.1
Project("{FAE04EC0-301F-11D3-BF4B-00C04F79EFBC}") = "src", "src.csproj", "{289FB0FD-798A-4671-BDFC-550F136F7FAA}"
EndProject
Global
	GlobalSection(SolutionConfigurationPlatforms) = preSolution
		Debug|Any CPU = Debug|Any CPU
		Release|Any CPU = Release|Any CPU
	EndGlobalSection
	GlobalSection(ProjectConfigurationPlatforms) = postSolution
		{289FB0FD-798A-4671-BDFC-550F136F7FAA}.Debug|Any CPU.ActiveCfg = Debug|Any CPU
		{289FB0FD-798A-4671-BDFC-550F136F7FAA}.Debug|Any CPU.Build.0 = Debug|Any CPU
		{289FB0FD-798A-4671-BDFC-550F136F7FAA}.Release|Any CPU.ActiveCfg = Release|Any CPU
		{289FB0FD-798A-4671-BDFC-550F136F7FAA}.Release|Any CPU.Build.0 = Release|Any CPU
	EndGlobalSection
	GlobalSection(SolutionProperties) = preSolution
		HideSolutionNode = FALSE
	EndGlobalSection
	GlobalSection(ExtensibilityGlobals) = postSolution
		SolutionGuid = {D71F1B35-1F20-4ED9-9434-AB63978A4A6F}
	EndGlobalSection
EndGlobal
